// !$*UTF8*$!
{
	archiveVersion = 1;
	classes = {
	};
	objectVersion = 56;
	objects = {

/* Begin PBXBuildFile section */
		E60541742BB3D37C0065B19D /* SpendTrackerApp.swift in Sources */ = {isa = PBXBuildFile; fileRef = E60541732BB3D37C0065B19D /* SpendTrackerApp.swift */; };
		E60541762BB3D37C0065B19D /* ContentView.swift in Sources */ = {isa = PBXBuildFile; fileRef = E60541752BB3D37C0065B19D /* ContentView.swift */; };
		E60541782BB3D37D0065B19D /* Assets.xcassets in Resources */ = {isa = PBXBuildFile; fileRef = E60541772BB3D37D0065B19D /* Assets.xcassets */; };
		E605417B2BB3D37D0065B19D /* Preview Assets.xcassets in Resources */ = {isa = PBXBuildFile; fileRef = E605417A2BB3D37D0065B19D /* Preview Assets.xcassets */; };
		E60541832BB3D3AC0065B19D /* ExpenseElement.swift in Sources */ = {isa = PBXBuildFile; fileRef = E60541822BB3D3AC0065B19D /* ExpenseElement.swift */; };
		E60541862BB3D3C90065B19D /* Color.swift in Sources */ = {isa = PBXBuildFile; fileRef = E60541852BB3D3C90065B19D /* Color.swift */; };
		E60541882BB3D3D90065B19D /* Formatter.swift in Sources */ = {isa = PBXBuildFile; fileRef = E60541872BB3D3D90065B19D /* Formatter.swift */; };
		E605418A2BB3D3E80065B19D /* String.swift in Sources */ = {isa = PBXBuildFile; fileRef = E60541892BB3D3E80065B19D /* String.swift */; };
		E605418D2BB3D4260065B19D /* CategoryCard.swift in Sources */ = {isa = PBXBuildFile; fileRef = E605418C2BB3D4260065B19D /* CategoryCard.swift */; };
		E605418F2BB3D4680065B19D /* DailyView.swift in Sources */ = {isa = PBXBuildFile; fileRef = E605418E2BB3D4680065B19D /* DailyView.swift */; };
		E60541912BB3D4890065B19D /* MonthlyView.swift in Sources */ = {isa = PBXBuildFile; fileRef = E60541902BB3D4890065B19D /* MonthlyView.swift */; };
		E60541932BB3D4AB0065B19D /* CategoryItemListView.swift in Sources */ = {isa = PBXBuildFile; fileRef = E60541922BB3D4AB0065B19D /* CategoryItemListView.swift */; };
		E60541952BB3D4BB0065B19D /* AddExpenseView.swift in Sources */ = {isa = PBXBuildFile; fileRef = E60541942BB3D4BB0065B19D /* AddExpenseView.swift */; };
		E60541972BB3D4E60065B19D /* EditExpenseView.swift in Sources */ = {isa = PBXBuildFile; fileRef = E60541962BB3D4E60065B19D /* EditExpenseView.swift */; };
		E60541992BB3D62D0065B19D /* CategoryModel.swift in Sources */ = {isa = PBXBuildFile; fileRef = E60541982BB3D62D0065B19D /* CategoryModel.swift */; };
		E605419C2BB3E4FE0065B19D /* SpendTrackerViewModel.swift in Sources */ = {isa = PBXBuildFile; fileRef = E605419B2BB3E4FE0065B19D /* SpendTrackerViewModel.swift */; };
/* End PBXBuildFile section */

/* Begin PBXFileReference section */
		E60541702BB3D37C0065B19D /* SpendTracker.app */ = {isa = PBXFileReference; explicitFileType = wrapper.application; includeInIndex = 0; path = SpendTracker.app; sourceTree = BUILT_PRODUCTS_DIR; };
		E60541732BB3D37C0065B19D /* SpendTrackerApp.swift */ = {isa = PBXFileReference; lastKnownFileType = sourcecode.swift; path = SpendTrackerApp.swift; sourceTree = "<group>"; };
		E60541752BB3D37C0065B19D /* ContentView.swift */ = {isa = PBXFileReference; lastKnownFileType = sourcecode.swift; path = ContentView.swift; sourceTree = "<group>"; };
		E60541772BB3D37D0065B19D /* Assets.xcassets */ = {isa = PBXFileReference; lastKnownFileType = folder.assetcatalog; path = Assets.xcassets; sourceTree = "<group>"; };
		E605417A2BB3D37D0065B19D /* Preview Assets.xcassets */ = {isa = PBXFileReference; lastKnownFileType = folder.assetcatalog; path = "Preview Assets.xcassets"; sourceTree = "<group>"; };
		E60541822BB3D3AC0065B19D /* ExpenseElement.swift */ = {isa = PBXFileReference; lastKnownFileType = sourcecode.swift; path = ExpenseElement.swift; sourceTree = "<group>"; };
		E60541852BB3D3C90065B19D /* Color.swift */ = {isa = PBXFileReference; lastKnownFileType = sourcecode.swift; path = Color.swift; sourceTree = "<group>"; };
		E60541872BB3D3D90065B19D /* Formatter.swift */ = {isa = PBXFileReference; lastKnownFileType = sourcecode.swift; path = Formatter.swift; sourceTree = "<group>"; };
		E60541892BB3D3E80065B19D /* String.swift */ = {isa = PBXFileReference; lastKnownFileType = sourcecode.swift; path = String.swift; sourceTree = "<group>"; };
		E605418C2BB3D4260065B19D /* CategoryCard.swift */ = {isa = PBXFileReference; lastKnownFileType = sourcecode.swift; path = CategoryCard.swift; sourceTree = "<group>"; };
		E605418E2BB3D4680065B19D /* DailyView.swift */ = {isa = PBXFileReference; lastKnownFileType = sourcecode.swift; path = DailyView.swift; sourceTree = "<group>"; };
		E60541902BB3D4890065B19D /* MonthlyView.swift */ = {isa = PBXFileReference; lastKnownFileType = sourcecode.swift; path = MonthlyView.swift; sourceTree = "<group>"; };
		E60541922BB3D4AB0065B19D /* CategoryItemListView.swift */ = {isa = PBXFileReference; lastKnownFileType = sourcecode.swift; path = CategoryItemListView.swift; sourceTree = "<group>"; };
		E60541942BB3D4BB0065B19D /* AddExpenseView.swift */ = {isa = PBXFileReference; lastKnownFileType = sourcecode.swift; path = AddExpenseView.swift; sourceTree = "<group>"; };
		E60541962BB3D4E60065B19D /* EditExpenseView.swift */ = {isa = PBXFileReference; lastKnownFileType = sourcecode.swift; path = EditExpenseView.swift; sourceTree = "<group>"; };
		E60541982BB3D62D0065B19D /* CategoryModel.swift */ = {isa = PBXFileReference; lastKnownFileType = sourcecode.swift; path = CategoryModel.swift; sourceTree = "<group>"; };
		E605419B2BB3E4FE0065B19D /* SpendTrackerViewModel.swift */ = {isa = PBXFileReference; lastKnownFileType = sourcecode.swift; path = SpendTrackerViewModel.swift; sourceTree = "<group>"; };
/* End PBXFileReference section */

/* Begin PBXFrameworksBuildPhase section */
		E605416D2BB3D37C0065B19D /* Frameworks */ = {
			isa = PBXFrameworksBuildPhase;
			buildActionMask = 2147483647;
			files = (
			);
			runOnlyForDeploymentPostprocessing = 0;
		};
/* End PBXFrameworksBuildPhase section */

/* Begin PBXGroup section */
		E60541672BB3D37C0065B19D = {
			isa = PBXGroup;
			children = (
				E60541722BB3D37C0065B19D /* SpendTracker */,
				E60541712BB3D37C0065B19D /* Products */,
			);
			sourceTree = "<group>";
		};
		E60541712BB3D37C0065B19D /* Products */ = {
			isa = PBXGroup;
			children = (
				E60541702BB3D37C0065B19D /* SpendTracker.app */,
			);
			name = Products;
			sourceTree = "<group>";
		};
		E60541722BB3D37C0065B19D /* SpendTracker */ = {
			isa = PBXGroup;
			children = (
				E605419A2BB3E4E30065B19D /* ViewModel */,
				E605418B2BB3D40D0065B19D /* Components */,
				E60541842BB3D3BE0065B19D /* Extension */,
				E60541812BB3D3A20065B19D /* Model */,
				E60541732BB3D37C0065B19D /* SpendTrackerApp.swift */,
				E60541752BB3D37C0065B19D /* ContentView.swift */,
				E605418E2BB3D4680065B19D /* DailyView.swift */,
				E60541902BB3D4890065B19D /* MonthlyView.swift */,
				E60541922BB3D4AB0065B19D /* CategoryItemListView.swift */,
				E60541942BB3D4BB0065B19D /* AddExpenseView.swift */,
				E60541962BB3D4E60065B19D /* EditExpenseView.swift */,
				E60541772BB3D37D0065B19D /* Assets.xcassets */,
				E60541792BB3D37D0065B19D /* Preview Content */,
			);
			path = SpendTracker;
			sourceTree = "<group>";
		};
		E60541792BB3D37D0065B19D /* Preview Content */ = {
			isa = PBXGroup;
			children = (
				E605417A2BB3D37D0065B19D /* Preview Assets.xcassets */,
			);
			path = "Preview Content";
			sourceTree = "<group>";
		};
		E60541812BB3D3A20065B19D /* Model */ = {
			isa = PBXGroup;
			children = (
				E60541822BB3D3AC0065B19D /* ExpenseElement.swift */,
				E60541982BB3D62D0065B19D /* CategoryModel.swift */,
			);
			path = Model;
			sourceTree = "<group>";
		};
		E60541842BB3D3BE0065B19D /* Extension */ = {
			isa = PBXGroup;
			children = (
				E60541852BB3D3C90065B19D /* Color.swift */,
				E60541872BB3D3D90065B19D /* Formatter.swift */,
				E60541892BB3D3E80065B19D /* String.swift */,
			);
			path = Extension;
			sourceTree = "<group>";
		};
		E605418B2BB3D40D0065B19D /* Components */ = {
			isa = PBXGroup;
			children = (
				E605418C2BB3D4260065B19D /* CategoryCard.swift */,
			);
			path = Components;
			sourceTree = "<group>";
		};
		E605419A2BB3E4E30065B19D /* ViewModel */ = {
			isa = PBXGroup;
			children = (
				E605419B2BB3E4FE0065B19D /* SpendTrackerViewModel.swift */,
			);
			path = ViewModel;
			sourceTree = "<group>";
		};
/* End PBXGroup section */

/* Begin PBXNativeTarget section */
		E605416F2BB3D37C0065B19D /* SpendTracker */ = {
			isa = PBXNativeTarget;
			buildConfigurationList = E605417E2BB3D37D0065B19D /* Build configuration list for PBXNativeTarget "SpendTracker" */;
			buildPhases = (
				E605416C2BB3D37C0065B19D /* Sources */,
				E605416D2BB3D37C0065B19D /* Frameworks */,
				E605416E2BB3D37C0065B19D /* Resources */,
			);
			buildRules = (
			);
			dependencies = (
			);
			name = SpendTracker;
			productName = SpendTracker;
			productReference = E60541702BB3D37C0065B19D /* SpendTracker.app */;
			productType = "com.apple.product-type.application";
		};
/* End PBXNativeTarget section */

/* Begin PBXProject section */
		E60541682BB3D37C0065B19D /* Project object */ = {
			isa = PBXProject;
			attributes = {
				BuildIndependentTargetsInParallel = 1;
				LastSwiftUpdateCheck = 1520;
				LastUpgradeCheck = 1520;
				TargetAttributes = {
					E605416F2BB3D37C0065B19D = {
						CreatedOnToolsVersion = 15.2;
					};
				};
			};
			buildConfigurationList = E605416B2BB3D37C0065B19D /* Build configuration list for PBXProject "SpendTracker" */;
			compatibilityVersion = "Xcode 14.0";
			developmentRegion = en;
			hasScannedForEncodings = 0;
			knownRegions = (
				en,
				Base,
			);
			mainGroup = E60541672BB3D37C0065B19D;
			productRefGroup = E60541712BB3D37C0065B19D /* Products */;
			projectDirPath = "";
			projectRoot = "";
			targets = (
				E605416F2BB3D37C0065B19D /* SpendTracker */,
			);
		};
/* End PBXProject section */

/* Begin PBXResourcesBuildPhase section */
		E605416E2BB3D37C0065B19D /* Resources */ = {
			isa = PBXResourcesBuildPhase;
			buildActionMask = 2147483647;
			files = (
				E605417B2BB3D37D0065B19D /* Preview Assets.xcassets in Resources */,
				E60541782BB3D37D0065B19D /* Assets.xcassets in Resources */,
			);
			runOnlyForDeploymentPostprocessing = 0;
		};
/* End PBXResourcesBuildPhase section */

/* Begin PBXSourcesBuildPhase section */
		E605416C2BB3D37C0065B19D /* Sources */ = {
			isa = PBXSourcesBuildPhase;
			buildActionMask = 2147483647;
			files = (
				E60541992BB3D62D0065B19D /* CategoryModel.swift in Sources */,
				E60541952BB3D4BB0065B19D /* AddExpenseView.swift in Sources */,
				E605418F2BB3D4680065B19D /* DailyView.swift in Sources */,
				E60541932BB3D4AB0065B19D /* CategoryItemListView.swift in Sources */,
				E605419C2BB3E4FE0065B19D /* SpendTrackerViewModel.swift in Sources */,
				E605418A2BB3D3E80065B19D /* String.swift in Sources */,
				E605418D2BB3D4260065B19D /* CategoryCard.swift in Sources */,
				E60541972BB3D4E60065B19D /* EditExpenseView.swift in Sources */,
				E60541912BB3D4890065B19D /* MonthlyView.swift in Sources */,
				E60541832BB3D3AC0065B19D /* ExpenseElement.swift in Sources */,
				E60541862BB3D3C90065B19D /* Color.swift in Sources */,
				E60541882BB3D3D90065B19D /* Formatter.swift in Sources */,
				E60541762BB3D37C0065B19D /* ContentView.swift in Sources */,
				E60541742BB3D37C0065B19D /* SpendTrackerApp.swift in Sources */,
			);
			runOnlyForDeploymentPostprocessing = 0;
		};
/* End PBXSourcesBuildPhase section */

/* Begin XCBuildConfiguration section */
		E605417C2BB3D37D0065B19D /* Debug */ = {
			isa = XCBuildConfiguration;
			buildSettings = {
				ALWAYS_SEARCH_USER_PATHS = NO;
				ASSETCATALOG_COMPILER_GENERATE_SWIFT_ASSET_SYMBOL_EXTENSIONS = YES;
				CLANG_ANALYZER_NONNULL = YES;
				CLANG_ANALYZER_NUMBER_OBJECT_CONVERSION = YES_AGGRESSIVE;
				CLANG_CXX_LANGUAGE_STANDARD = "gnu++20";
				CLANG_ENABLE_MODULES = YES;
				CLANG_ENABLE_OBJC_ARC = YES;
				CLANG_ENABLE_OBJC_WEAK = YES;
				CLANG_WARN_BLOCK_CAPTURE_AUTORELEASING = YES;
				CLANG_WARN_BOOL_CONVERSION = YES;
				CLANG_WARN_COMMA = YES;
				CLANG_WARN_CONSTANT_CONVERSION = YES;
				CLANG_WARN_DEPRECATED_OBJC_IMPLEMENTATIONS = YES;
				CLANG_WARN_DIRECT_OBJC_ISA_USAGE = YES_ERROR;
				CLANG_WARN_DOCUMENTATION_COMMENTS = YES;
				CLANG_WARN_EMPTY_BODY = YES;
				CLANG_WARN_ENUM_CONVERSION = YES;
				CLANG_WARN_INFINITE_RECURSION = YES;
				CLANG_WARN_INT_CONVERSION = YES;
				CLANG_WARN_NON_LITERAL_NULL_CONVERSION = YES;
				CLANG_WARN_OBJC_IMPLICIT_RETAIN_SELF = YES;
				CLANG_WARN_OBJC_LITERAL_CONVERSION = YES;
				CLANG_WARN_OBJC_ROOT_CLASS = YES_ERROR;
				CLANG_WARN_QUOTED_INCLUDE_IN_FRAMEWORK_HEADER = YES;
				CLANG_WARN_RANGE_LOOP_ANALYSIS = YES;
				CLANG_WARN_STRICT_PROTOTYPES = YES;
				CLANG_WARN_SUSPICIOUS_MOVE = YES;
				CLANG_WARN_UNGUARDED_AVAILABILITY = YES_AGGRESSIVE;
				CLANG_WARN_UNREACHABLE_CODE = YES;
				CLANG_WARN__DUPLICATE_METHOD_MATCH = YES;
				COPY_PHASE_STRIP = NO;
				DEBUG_INFORMATION_FORMAT = dwarf;
				ENABLE_STRICT_OBJC_MSGSEND = YES;
				ENABLE_TESTABILITY = YES;
				ENABLE_USER_SCRIPT_SANDBOXING = YES;
				GCC_C_LANGUAGE_STANDARD = gnu17;
				GCC_DYNAMIC_NO_PIC = NO;
				GCC_NO_COMMON_BLOCKS = YES;
				GCC_OPTIMIZATION_LEVEL = 0;
				GCC_PREPROCESSOR_DEFINITIONS = (
					"DEBUG=1",
					"$(inherited)",
				);
				GCC_WARN_64_TO_32_BIT_CONVERSION = YES;
				GCC_WARN_ABOUT_RETURN_TYPE = YES_ERROR;
				GCC_WARN_UNDECLARED_SELECTOR = YES;
				GCC_WARN_UNINITIALIZED_AUTOS = YES_AGGRESSIVE;
				GCC_WARN_UNUSED_FUNCTION = YES;
				GCC_WARN_UNUSED_VARIABLE = YES;
				IPHONEOS_DEPLOYMENT_TARGET = 17.2;
				LOCALIZATION_PREFERS_STRING_CATALOGS = YES;
				MTL_ENABLE_DEBUG_INFO = INCLUDE_SOURCE;
				MTL_FAST_MATH = YES;
				ONLY_ACTIVE_ARCH = YES;
				SDKROOT = iphoneos;
				SWIFT_ACTIVE_COMPILATION_CONDITIONS = "DEBUG $(inherited)";
				SWIFT_OPTIMIZATION_LEVEL = "-Onone";
			};
			name = Debug;
		};
		E605417D2BB3D37D0065B19D /* Release */ = {
			isa = XCBuildConfiguration;
			buildSettings = {
				ALWAYS_SEARCH_USER_PATHS = NO;
				ASSETCATALOG_COMPILER_GENERATE_SWIFT_ASSET_SYMBOL_EXTENSIONS = YES;
				CLANG_ANALYZER_NONNULL = YES;
				CLANG_ANALYZER_NUMBER_OBJECT_CONVERSION = YES_AGGRESSIVE;
				CLANG_CXX_LANGUAGE_STANDARD = "gnu++20";
				CLANG_ENABLE_MODULES = YES;
				CLANG_ENABLE_OBJC_ARC = YES;
				CLANG_ENABLE_OBJC_WEAK = YES;
				CLANG_WARN_BLOCK_CAPTURE_AUTORELEASING = YES;
				CLANG_WARN_BOOL_CONVERSION = YES;
				CLANG_WARN_COMMA = YES;
				CLANG_WARN_CONSTANT_CONVERSION = YES;
				CLANG_WARN_DEPRECATED_OBJC_IMPLEMENTATIONS = YES;
				CLANG_WARN_DIRECT_OBJC_ISA_USAGE = YES_ERROR;
				CLANG_WARN_DOCUMENTATION_COMMENTS = YES;
				CLANG_WARN_EMPTY_BODY = YES;
				CLANG_WARN_ENUM_CONVERSION = YES;
				CLANG_WARN_INFINITE_RECURSION = YES;
				CLANG_WARN_INT_CONVERSION = YES;
				CLANG_WARN_NON_LITERAL_NULL_CONVERSION = YES;
				CLANG_WARN_OBJC_IMPLICIT_RETAIN_SELF = YES;
				CLANG_WARN_OBJC_LITERAL_CONVERSION = YES;
				CLANG_WARN_OBJC_ROOT_CLASS = YES_ERROR;
				CLANG_WARN_QUOTED_INCLUDE_IN_FRAMEWORK_HEADER = YES;
				CLANG_WARN_RANGE_LOOP_ANALYSIS = YES;
				CLANG_WARN_STRICT_PROTOTYPES = YES;
				CLANG_WARN_SUSPICIOUS_MOVE = YES;
				CLANG_WARN_UNGUARDED_AVAILABILITY = YES_AGGRESSIVE;
				CLANG_WARN_UNREACHABLE_CODE = YES;
				CLANG_WARN__DUPLICATE_METHOD_MATCH = YES;
				COPY_PHASE_STRIP = NO;
				DEBUG_INFORMATION_FORMAT = "dwarf-with-dsym";
				ENABLE_NS_ASSERTIONS = NO;
				ENABLE_STRICT_OBJC_MSGSEND = YES;
				ENABLE_USER_SCRIPT_SANDBOXING = YES;
				GCC_C_LANGUAGE_STANDARD = gnu17;
				GCC_NO_COMMON_BLOCKS = YES;
				GCC_WARN_64_TO_32_BIT_CONVERSION = YES;
				GCC_WARN_ABOUT_RETURN_TYPE = YES_ERROR;
				GCC_WARN_UNDECLARED_SELECTOR = YES;
				GCC_WARN_UNINITIALIZED_AUTOS = YES_AGGRESSIVE;
				GCC_WARN_UNUSED_FUNCTION = YES;
				GCC_WARN_UNUSED_VARIABLE = YES;
				IPHONEOS_DEPLOYMENT_TARGET = 17.2;
				LOCALIZATION_PREFERS_STRING_CATALOGS = YES;
				MTL_ENABLE_DEBUG_INFO = NO;
				MTL_FAST_MATH = YES;
				SDKROOT = iphoneos;
				SWIFT_COMPILATION_MODE = wholemodule;
				VALIDATE_PRODUCT = YES;
			};
			name = Release;
		};
		E605417F2BB3D37D0065B19D /* Debug */ = {
			isa = XCBuildConfiguration;
			buildSettings = {
				ASSETCATALOG_COMPILER_APPICON_NAME = AppIcon;
				ASSETCATALOG_COMPILER_GLOBAL_ACCENT_COLOR_NAME = AccentColor;
				CODE_SIGN_STYLE = Automatic;
				CURRENT_PROJECT_VERSION = 1;
				DEVELOPMENT_ASSET_PATHS = "\"SpendTracker/Preview Content\"";
				DEVELOPMENT_TEAM = 56522S7SKK;
				ENABLE_PREVIEWS = YES;
				GENERATE_INFOPLIST_FILE = YES;
				INFOPLIST_KEY_UIApplicationSceneManifest_Generation = YES;
				INFOPLIST_KEY_UIApplicationSupportsIndirectInputEvents = YES;
				INFOPLIST_KEY_UILaunchScreen_Generation = YES;
				INFOPLIST_KEY_UISupportedInterfaceOrientations_iPad = "UIInterfaceOrientationPortrait UIInterfaceOrientationPortraitUpsideDown UIInterfaceOrientationLandscapeLeft UIInterfaceOrientationLandscapeRight";
				INFOPLIST_KEY_UISupportedInterfaceOrientations_iPhone = "UIInterfaceOrientationPortrait UIInterfaceOrientationLandscapeLeft UIInterfaceOrientationLandscapeRight";
				LD_RUNPATH_SEARCH_PATHS = (
					"$(inherited)",
					"@executable_path/Frameworks",
				);
				MARKETING_VERSION = 1.0;
				PRODUCT_BUNDLE_IDENTIFIER = com.cece.SpendTracker;
				PRODUCT_NAME = "$(TARGET_NAME)";
				SWIFT_EMIT_LOC_STRINGS = YES;
				SWIFT_VERSION = 5.0;
				TARGETED_DEVICE_FAMILY = "1,2";
			};
			name = Debug;
		};
		E60541802BB3D37D0065B19D /* Release */ = {
			isa = XCBuildConfiguration;
			buildSettings = {
				ASSETCATALOG_COMPILER_APPICON_NAME = AppIcon;
				ASSETCATALOG_COMPILER_GLOBAL_ACCENT_COLOR_NAME = AccentColor;
				CODE_SIGN_STYLE = Automatic;
				CURRENT_PROJECT_VERSION = 1;
				DEVELOPMENT_ASSET_PATHS = "\"SpendTracker/Preview Content\"";
				DEVELOPMENT_TEAM = 56522S7SKK;
				ENABLE_PREVIEWS = YES;
				GENERATE_INFOPLIST_FILE = YES;
				INFOPLIST_KEY_UIApplicationSceneManifest_Generation = YES;
				INFOPLIST_KEY_UIApplicationSupportsIndirectInputEvents = YES;
				INFOPLIST_KEY_UILaunchScreen_Generation = YES;
				INFOPLIST_KEY_UISupportedInterfaceOrientations_iPad = "UIInterfaceOrientationPortrait UIInterfaceOrientationPortraitUpsideDown UIInterfaceOrientationLandscapeLeft UIInterfaceOrientationLandscapeRight";
				INFOPLIST_KEY_UISupportedInterfaceOrientations_iPhone = "UIInterfaceOrientationPortrait UIInterfaceOrientationLandscapeLeft UIInterfaceOrientationLandscapeRight";
				LD_RUNPATH_SEARCH_PATHS = (
					"$(inherited)",
					"@executable_path/Frameworks",
				);
				MARKETING_VERSION = 1.0;
				PRODUCT_BUNDLE_IDENTIFIER = com.cece.SpendTracker;
				PRODUCT_NAME = "$(TARGET_NAME)";
				SWIFT_EMIT_LOC_STRINGS = YES;
				SWIFT_VERSION = 5.0;
				TARGETED_DEVICE_FAMILY = "1,2";
			};
			name = Release;
		};
/* End XCBuildConfiguration section */

/* Begin XCConfigurationList section */
		E605416B2BB3D37C0065B19D /* Build configuration list for PBXProject "SpendTracker" */ = {
			isa = XCConfigurationList;
			buildConfigurations = (
				E605417C2BB3D37D0065B19D /* Debug */,
				E605417D2BB3D37D0065B19D /* Release */,
			);
			defaultConfigurationIsVisible = 0;
			defaultConfigurationName = Release;
		};
		E605417E2BB3D37D0065B19D /* Build configuration list for PBXNativeTarget "SpendTracker" */ = {
			isa = XCConfigurationList;
			buildConfigurations = (
				E605417F2BB3D37D0065B19D /* Debug */,
				E60541802BB3D37D0065B19D /* Release */,
			);
			defaultConfigurationIsVisible = 0;
			defaultConfigurationName = Release;
		};
/* End XCConfigurationList section */
	};
	rootObject = E60541682BB3D37C0065B19D /* Project object */;
}
